# THIS IS AN AUTOGENERATED FILE. DO NOT EDIT THIS FILE DIRECTLY.
# yarn lockfile v1


"@clerk/clerk-react@^5.8.2":
  version "5.8.2"
  resolved "https://registry.yarnpkg.com/@clerk/clerk-react/-/clerk-react-5.8.2.tgz#0c113f013e73723b145f7a4bd479e29997df0342"
  integrity sha512-5wXr02TmxlGBjBTrM5URCk01b0q/Po6xg3SPo/U8HgrQ8qnY82hbnLxZ1dUuqH3MIzUh2VAoISJzF4TEZYqJJA==
  dependencies:
    "@clerk/shared" "2.7.2"
    "@clerk/types" "4.20.1"
    tslib "2.4.1"

"@clerk/shared@2.7.2":
  version "2.7.2"
  resolved "https://registry.yarnpkg.com/@clerk/shared/-/shared-2.7.2.tgz#06b97cc364f5b08253c6dc8a1e28028bc46b1120"
  integrity sha512-0SymNLqE5oMPf1XwtqNazNcpIoCKUv77f8rHpx4U8mg73uXYfuEQThNgCJyoM4/qxYLL3SBPKAlZl9MAHfSiyA==
  dependencies:
    "@clerk/types" "4.20.1"
    glob-to-regexp "0.4.1"
    js-cookie "3.0.5"
    std-env "^3.7.0"
    swr "^2.2.0"

"@clerk/types@4.20.1":
  version "4.20.1"
  resolved "https://registry.yarnpkg.com/@clerk/types/-/types-4.20.1.tgz#0bab5dbecd0eeb25f049b81e598be8168726bd6b"
  integrity sha512-s2v3wFgLsB+d0Ot5yN+5IjRNKWl63AAeEczTZDZYSWuNkGihvEXYjS2NtnYuhROBRgWEHEsm0JOp0rQkfTMkBw==
  dependencies:
    csstype "3.1.1"

client-only@^0.0.1:
  version "0.0.1"
  resolved "https://registry.yarnpkg.com/client-only/-/client-only-0.0.1.tgz#38bba5d403c41ab150bff64a95c85013cf73bca1"
  integrity sha512-IV3Ou0jSMzZrd3pZ48nLkT9DA7Ag1pnPzaiQhpW7c3RbcqqzvzzVu+L8gfqMp/8IM2MQtSiqaCxrrcfu8I8rMA==

csstype@3.1.1:
  version "3.1.1"
  resolved "https://registry.yarnpkg.com/csstype/-/csstype-3.1.1.tgz#841b532c45c758ee546a11d5bd7b7b473c8c30b9"
  integrity sha512-DJR/VvkAvSZW9bTouZue2sSxDwdTN92uHjqeKVm+0dAqdfNykRzQ95tay8aXMBAAPpUiq4Qcug2L7neoRh2Egw==

glob-to-regexp@0.4.1:
  version "0.4.1"
  resolved "https://registry.yarnpkg.com/glob-to-regexp/-/glob-to-regexp-0.4.1.tgz#c75297087c851b9a578bd217dd59a92f59fe546e"
  integrity sha512-lkX1HJXwyMcprw/5YUZc2s7DrpAiHB21/V+E1rHUrVNokkvB6bqMzT0VfV6/86ZNabt1k14YOIaT7nDvOX3Iiw==

js-cookie@3.0.5:
  version "3.0.5"
  resolved "https://registry.yarnpkg.com/js-cookie/-/js-cookie-3.0.5.tgz#0b7e2fd0c01552c58ba86e0841f94dc2557dcdbc"
  integrity sha512-cEiJEAEoIbWfCZYKWhVwFuvPX1gETRYPw6LlaTKoxD3s2AkXzkCjnp6h0V77ozyqj0jakteJ4YqDJT830+lVGw==

std-env@^3.7.0:
  version "3.7.0"
  resolved "https://registry.yarnpkg.com/std-env/-/std-env-3.7.0.tgz#c9f7386ced6ecf13360b6c6c55b8aaa4ef7481d2"
  integrity sha512-JPbdCEQLj1w5GilpiHAx3qJvFndqybBysA3qUOnznweH4QbNYUsW/ea8QzSrnh0vNsezMMw5bcVool8lM0gwzg==

swr@^2.2.0:
  version "2.2.5"
  resolved "https://registry.yarnpkg.com/swr/-/swr-2.2.5.tgz#063eea0e9939f947227d5ca760cc53696f46446b"
  integrity sha512-QtxqyclFeAsxEUeZIYmsaQ0UjimSq1RZ9Un7I68/0ClKK/U3LoyQunwkQfJZr2fc22DfIXLNDc2wFyTEikCUpg==
  dependencies:
    client-only "^0.0.1"
    use-sync-external-store "^1.2.0"

tslib@2.4.1:
  version "2.4.1"
  resolved "https://registry.yarnpkg.com/tslib/-/tslib-2.4.1.tgz#0d0bfbaac2880b91e22df0768e55be9753a5b17e"
  integrity sha512-tGyy4dAjRIEwI7BzsB0lynWgOpfqjUdq91XXAlIWD2OwKBH7oCl/GZG/HT4BOHrTlPMOASlMQ7veyTqpmRcrNA==

use-sync-external-store@^1.2.0:
  version "1.2.2"
  resolved "https://registry.yarnpkg.com/use-sync-external-store/-/use-sync-external-store-1.2.2.tgz#c3b6390f3a30eba13200d2302dcdf1e7b57b2ef9"
  integrity sha512-PElTlVMwpblvbNqQ82d2n6RjStvdSoNe9FG28kNfz3WiXilJm4DdNkEzRhCZuIDwY8U08WVihhGR5iRqAwfDiw==
